{
  "name": "practly",
  "lockfileVersion": 3,
  "requires": true,
  "packages": {
    "": {
      "dependencies": {
        "@google/generative-ai": "^0.17.1",
        "es6-promise-pool": "^2.5.0"
      }
    },
    "node_modules/@google/generative-ai": {
      "version": "0.17.1",
      "resolved": "https://registry.npmjs.org/@google/generative-ai/-/generative-ai-0.17.1.tgz",
      "integrity": "sha512-TgWz02c5l2XJlEDys81UVat5+Qg9xqmYah7tQt6xlsBwFvzIFPz64aZFGd1av2sxT22NsssqLATjNsusAIJICA==",
      "license": "Apache-2.0",
      "engines": {
        "node": ">=18.0.0"
      }
    },
    "node_modules/es6-promise-pool": {
      "version": "2.5.0",
      "resolved": "https://registry.npmjs.org/es6-promise-pool/-/es6-promise-pool-2.5.0.tgz",
      "integrity": "sha512-VHErXfzR/6r/+yyzPKeBvO0lgjfC5cbDCQWjWwMZWSb6YU39TGIl51OUmCfWCq4ylMdJSB8zkz2vIuIeIxXApA==",
      "license": "MIT",
      "engines": {
        "node": ">=0.10.0"
      }
    }
  }
}
